
Microsoft Visual Studio Solution File, Format Version 12.00
# Visual Studio 15
VisualStudioVersion = 15.0.27703.2042
MinimumVisualStudioVersion = 10.0.40219.1
Project("{FAE04EC0-301F-11D3-BF4B-00C04F79EFBC}") = "UnitConverter", "UnitConverter\UnitConverter.csproj", "{979810E0-E87E-4CC5-8EF8-C67497306065}"
EndProject
Global
	GlobalSection(SolutionConfigurationPlatforms) = preSolution
		Debug|Any CPU = Debug|Any CPU
		Release|Any CPU = Release|Any CPU
	EndGlobalSection
	GlobalSection(ProjectConfigurationPlatforms) = postSolution
		{979810E0-E87E-4CC5-8EF8-C67497306065}.Debug|Any CPU.ActiveCfg = Debug|Any CPU
		{979810E0-E87E-4CC5-8EF8-C67497306065}.Debug|Any CPU.Build.0 = Debug|Any CPU
		{979810E0-E87E-4CC5-8EF8-C67497306065}.Release|Any CPU.ActiveCfg = Release|Any CPU
		{979810E0-E87E-4CC5-8EF8-C67497306065}.Release|Any CPU.Build.0 = Release|Any CPU
	EndGlobalSection
	GlobalSection(SolutionProperties) = preSolution
		HideSolutionNode = FALSE
	EndGlobalSection
	GlobalSection(ExtensibilityGlobals) = postSolution
		SolutionGuid = {D9505886-FEB9-48A1-B020-0B082B19293B}
	EndGlobalSection
EndGlobal
